// !$*UTF8*$!
{
	archiveVersion = 1;
	classes = {
	};
	objectVersion = 46;
	objects = {

/* Begin PBXBuildFile section */
		10448A501E5368F000E28457 /* main.cpp in Sources */ = {isa = PBXBuildFile; fileRef = 10448A4F1E5368F000E28457 /* main.cpp */; };
		108D74F01E5E32A200B355BA /* test#01.cpp in Sources */ = {isa = PBXBuildFile; fileRef = 108D74EE1E5E32A200B355BA /* test#01.cpp */; };
		10F250C01E5E358C003C1EB7 /* gtest.framework in Frameworks */ = {isa = PBXBuildFile; fileRef = 10F250BF1E5E358C003C1EB7 /* gtest.framework */; };
/* End PBXBuildFile section */

/* Begin PBXCopyFilesBuildPhase section */
		10448A4A1E5368F000E28457 /* CopyFiles */ = {
			isa = PBXCopyFilesBuildPhase;
			buildActionMask = 2147483647;
			dstPath = /usr/share/man/man1/;
			dstSubfolderSpec = 0;
			files = (
			);
			runOnlyForDeploymentPostprocessing = 1;
		};
/* End PBXCopyFilesBuildPhase section */

/* Begin PBXFileReference section */
		10448A4C1E5368F000E28457 /* heatdistribution-DIPC */ = {isa = PBXFileReference; explicitFileType = "compiled.mach-o.executable"; includeInIndex = 0; path = "heatdistribution-DIPC"; sourceTree = BUILT_PRODUCTS_DIR; };
		10448A4F1E5368F000E28457 /* main.cpp */ = {isa = PBXFileReference; lastKnownFileType = sourcecode.cpp.cpp; path = main.cpp; sourceTree = "<group>"; };
		108D74EE1E5E32A200B355BA /* test#01.cpp */ = {isa = PBXFileReference; fileEncoding = 4; lastKnownFileType = sourcecode.cpp.cpp; path = "test#01.cpp"; sourceTree = "<group>"; };
		108D74EF1E5E32A200B355BA /* test#01.hpp */ = {isa = PBXFileReference; fileEncoding = 4; lastKnownFileType = sourcecode.cpp.h; path = "test#01.hpp"; sourceTree = "<group>"; };
		10F250BF1E5E358C003C1EB7 /* gtest.framework */ = {isa = PBXFileReference; lastKnownFileType = wrapper.framework; name = gtest.framework; path = "heatdistribution-DIPC/gtest.framework"; sourceTree = "<group>"; };
		10F250C11E5E365C003C1EB7 /* stack.h */ = {isa = PBXFileReference; lastKnownFileType = sourcecode.c.h; path = stack.h; sourceTree = "<group>"; };
/* End PBXFileReference section */

/* Begin PBXFrameworksBuildPhase section */
		10448A491E5368F000E28457 /* Frameworks */ = {
			isa = PBXFrameworksBuildPhase;
			buildActionMask = 2147483647;
			files = (
				10F250C01E5E358C003C1EB7 /* gtest.framework in Frameworks */,
			);
			runOnlyForDeploymentPostprocessing = 0;
		};
/* End PBXFrameworksBuildPhase section */

/* Begin PBXGroup section */
		10448A431E5368F000E28457 = {
			isa = PBXGroup;
			children = (
				10448A4E1E5368F000E28457 /* heatdistribution-DIPC */,
				10448A4D1E5368F000E28457 /* Products */,
				10F250BF1E5E358C003C1EB7 /* gtest.framework */,
			);
			sourceTree = "<group>";
		};
		10448A4D1E5368F000E28457 /* Products */ = {
			isa = PBXGroup;
			children = (
				10448A4C1E5368F000E28457 /* heatdistribution-DIPC */,
			);
			name = Products;
			sourceTree = "<group>";
		};
		10448A4E1E5368F000E28457 /* heatdistribution-DIPC */ = {
			isa = PBXGroup;
			children = (
				108D74ED1E5E325500B355BA /* testing */,
				10448A4F1E5368F000E28457 /* main.cpp */,
			);
			path = "heatdistribution-DIPC";
			sourceTree = "<group>";
		};
		108D74ED1E5E325500B355BA /* testing */ = {
			isa = PBXGroup;
			children = (
				108D74EE1E5E32A200B355BA /* test#01.cpp */,
				108D74EF1E5E32A200B355BA /* test#01.hpp */,
				10F250C11E5E365C003C1EB7 /* stack.h */,
			);
			name = testing;
			sourceTree = "<group>";
		};
/* End PBXGroup section */

/* Begin PBXNativeTarget section */
		10448A4B1E5368F000E28457 /* heatdistribution-DIPC */ = {
			isa = PBXNativeTarget;
			buildConfigurationList = 10448A531E5368F000E28457 /* Build configuration list for PBXNativeTarget "heatdistribution-DIPC" */;
			buildPhases = (
				10448A481E5368F000E28457 /* Sources */,
				10448A491E5368F000E28457 /* Frameworks */,
				10448A4A1E5368F000E28457 /* CopyFiles */,
			);
			buildRules = (
			);
			dependencies = (
			);
			name = "heatdistribution-DIPC";
			productName = "heatdistribution-DIPC";
			productReference = 10448A4C1E5368F000E28457 /* heatdistribution-DIPC */;
			productType = "com.apple.product-type.tool";
		};
/* End PBXNativeTarget section */

/* Begin PBXProject section */
		10448A441E5368F000E28457 /* Project object */ = {
			isa = PBXProject;
			attributes = {
				LastUpgradeCheck = 0730;
				TargetAttributes = {
					10448A4B1E5368F000E28457 = {
						CreatedOnToolsVersion = 7.3.1;
					};
				};
			};
			buildConfigurationList = 10448A471E5368F000E28457 /* Build configuration list for PBXProject "heatdistribution-DIPC" */;
			compatibilityVersion = "Xcode 3.2";
			developmentRegion = English;
			hasScannedForEncodings = 0;
			knownRegions = (
				en,
			);
			mainGroup = 10448A431E5368F000E28457;
			productRefGroup = 10448A4D1E5368F000E28457 /* Products */;
			projectDirPath = "";
			projectRoot = "";
			targets = (
				10448A4B1E5368F000E28457 /* heatdistribution-DIPC */,
			);
		};
/* End PBXProject section */

/* Begin PBXSourcesBuildPhase section */
		10448A481E5368F000E28457 /* Sources */ = {
			isa = PBXSourcesBuildPhase;
			buildActionMask = 2147483647;
			files = (
				108D74F01E5E32A200B355BA /* test#01.cpp in Sources */,
				10448A501E5368F000E28457 /* main.cpp in Sources */,
			);
			runOnlyForDeploymentPostprocessing = 0;
		};
/* End PBXSourcesBuildPhase section */

/* Begin XCBuildConfiguration section */
		10448A511E5368F000E28457 /* Debug */ = {
			isa = XCBuildConfiguration;
			buildSettings = {
				ALWAYS_SEARCH_USER_PATHS = NO;
				CLANG_ANALYZER_NONNULL = YES;
				CLANG_CXX_LANGUAGE_STANDARD = "gnu++0x";
				CLANG_CXX_LIBRARY = "libc++";
				CLANG_ENABLE_MODULES = YES;
				CLANG_ENABLE_OBJC_ARC = YES;
				CLANG_WARN_BOOL_CONVERSION = YES;
				CLANG_WARN_CONSTANT_CONVERSION = YES;
				CLANG_WARN_DIRECT_OBJC_ISA_USAGE = YES_ERROR;
				CLANG_WARN_EMPTY_BODY = YES;
				CLANG_WARN_ENUM_CONVERSION = YES;
				CLANG_WARN_INT_CONVERSION = YES;
				CLANG_WARN_OBJC_ROOT_CLASS = YES_ERROR;
				CLANG_WARN_UNREACHABLE_CODE = YES;
				CLANG_WARN__DUPLICATE_METHOD_MATCH = YES;
				CODE_SIGN_IDENTITY = "-";
				COPY_PHASE_STRIP = NO;
				DEBUG_INFORMATION_FORMAT = dwarf;
				ENABLE_STRICT_OBJC_MSGSEND = YES;
				ENABLE_TESTABILITY = YES;
				GCC_C_LANGUAGE_STANDARD = gnu99;
				GCC_DYNAMIC_NO_PIC = NO;
				GCC_NO_COMMON_BLOCKS = YES;
				GCC_OPTIMIZATION_LEVEL = 0;
				GCC_PREPROCESSOR_DEFINITIONS = (
					"DEBUG=1",
					"$(inherited)",
				);
				GCC_WARN_64_TO_32_BIT_CONVERSION = YES;
				GCC_WARN_ABOUT_RETURN_TYPE = YES_ERROR;
				GCC_WARN_UNDECLARED_SELECTOR = YES;
				GCC_WARN_UNINITIALIZED_AUTOS = YES_AGGRESSIVE;
				GCC_WARN_UNUSED_FUNCTION = YES;
				GCC_WARN_UNUSED_VARIABLE = YES;
				MACOSX_DEPLOYMENT_TARGET = 10.11;
				MTL_ENABLE_DEBUG_INFO = YES;
				ONLY_ACTIVE_ARCH = YES;
				SDKROOT = macosx;
			};
			name = Debug;
		};
		10448A521E5368F000E28457 /* Release */ = {
			isa = XCBuildConfiguration;
			buildSettings = {
				ALWAYS_SEARCH_USER_PATHS = NO;
				CLANG_ANALYZER_NONNULL = YES;
				CLANG_CXX_LANGUAGE_STANDARD = "gnu++0x";
				CLANG_CXX_LIBRARY = "libc++";
				CLANG_ENABLE_MODULES = YES;
				CLANG_ENABLE_OBJC_ARC = YES;
				CLANG_WARN_BOOL_CONVERSION = YES;
				CLANG_WARN_CONSTANT_CONVERSION = YES;
				CLANG_WARN_DIRECT_OBJC_ISA_USAGE = YES_ERROR;
				CLANG_WARN_EMPTY_BODY = YES;
				CLANG_WARN_ENUM_CONVERSION = YES;
				CLANG_WARN_INT_CONVERSION = YES;
				CLANG_WARN_OBJC_ROOT_CLASS = YES_ERROR;
				CLANG_WARN_UNREACHABLE_CODE = YES;
				CLANG_WARN__DUPLICATE_METHOD_MATCH = YES;
				CODE_SIGN_IDENTITY = "-";
				COPY_PHASE_STRIP = NO;
				DEBUG_INFORMATION_FORMAT = "dwarf-with-dsym";
				ENABLE_NS_ASSERTIONS = NO;
				ENABLE_STRICT_OBJC_MSGSEND = YES;
				GCC_C_LANGUAGE_STANDARD = gnu99;
				GCC_NO_COMMON_BLOCKS = YES;
				GCC_WARN_64_TO_32_BIT_CONVERSION = YES;
				GCC_WARN_ABOUT_RETURN_TYPE = YES_ERROR;
				GCC_WARN_UNDECLARED_SELECTOR = YES;
				GCC_WARN_UNINITIALIZED_AUTOS = YES_AGGRESSIVE;
				GCC_WARN_UNUSED_FUNCTION = YES;
				GCC_WARN_UNUSED_VARIABLE = YES;
				MACOSX_DEPLOYMENT_TARGET = 10.11;
				MTL_ENABLE_DEBUG_INFO = NO;
				SDKROOT = macosx;
			};
			name = Release;
		};
		10448A541E5368F000E28457 /* Debug */ = {
			isa = XCBuildConfiguration;
			buildSettings = {
				CLANG_ENABLE_MODULES = YES;
				FRAMEWORK_SEARCH_PATHS = (
					"$(inherited)",
					"$(PROJECT_DIR)/heatdistribution-DIPC",
				);
				LD_RUNPATH_SEARCH_PATHS = "$(inherited) @executable_path/../Frameworks @loader_path/../Frameworks";
				PRODUCT_NAME = "$(TARGET_NAME)";
				SWIFT_OPTIMIZATION_LEVEL = "-Onone";
			};
			name = Debug;
		};
		10448A551E5368F000E28457 /* Release */ = {
			isa = XCBuildConfiguration;
			buildSettings = {
				CLANG_ENABLE_MODULES = YES;
				FRAMEWORK_SEARCH_PATHS = (
					"$(inherited)",
					"$(PROJECT_DIR)/heatdistribution-DIPC",
				);
				LD_RUNPATH_SEARCH_PATHS = "$(inherited) @executable_path/../Frameworks @loader_path/../Frameworks";
				PRODUCT_NAME = "$(TARGET_NAME)";
			};
			name = Release;
		};
/* End XCBuildConfiguration section */

/* Begin XCConfigurationList section */
		10448A471E5368F000E28457 /* Build configuration list for PBXProject "heatdistribution-DIPC" */ = {
			isa = XCConfigurationList;
			buildConfigurations = (
				10448A511E5368F000E28457 /* Debug */,
				10448A521E5368F000E28457 /* Release */,
			);
			defaultConfigurationIsVisible = 0;
			defaultConfigurationName = Release;
		};
		10448A531E5368F000E28457 /* Build configuration list for PBXNativeTarget "heatdistribution-DIPC" */ = {
			isa = XCConfigurationList;
			buildConfigurations = (
				10448A541E5368F000E28457 /* Debug */,
				10448A551E5368F000E28457 /* Release */,
			);
			defaultConfigurationIsVisible = 0;
			defaultConfigurationName = Release;
		};
/* End XCConfigurationList section */
	};
	rootObject = 10448A441E5368F000E28457 /* Project object */;
}
