<?xml version="1.0" encoding="UTF-8"?>
<Scheme
   version = "1.3">
   <BuildAction>
      <BuildActionEntries>
         <BuildActionEntry
            buildForRunning = "YES">
            <BuildableReference
               BuildableIdentifier = "primary"
               BlueprintIdentifier = "58F8B112D1375C1B4946D6D9"
               BuildableName = "heatDistribution"
               BlueprintName = "heatDistribution"
               ReferencedContainer = "container:heatDistribution.xcodeproj">
            </BuildableReference>
         </BuildActionEntry>
      </BuildActionEntries>
   </BuildAction>
   <LaunchAction
      useCustomWorkingDirectory = "NO"
      buildConfiguration = "Release">
      <BuildableProductRunnable>
         <BuildableReference
            BuildableIdentifier = "primary"
            BlueprintIdentifier = "58F8B112D1375C1B4946D6D9"
            BuildableName = "heatDistribution"
            BlueprintName = "heatDistribution"
            ReferencedContainer = "container:heatDistribution.xcodeproj">
         </BuildableReference>
      </BuildableProductRunnable>
   </LaunchAction>
</Scheme>
